github.com/amsokol/go-grib2 v0.0.0-20180202124954-f236ff736283 h1:t+1hjI+oXrIQGuvjMgkT62kjLJHR6R14LPaAMG3LPwY=
github.com/amsokol/go-grib2 v0.0.0-20180202124954-f236ff736283/go.mod h1:AelIgaUzWq4Tfyzb/8KRpda5t98bD2Fpttgon6cpugo=
github.com/pkg/errors v0.9.1 h1:FEBLx1zS214owpjy7qsBeixbURkuhQAwrK5UwLGTwt4=
github.com/pkg/errors v0.9.1/go.mod h1:bwawxfHBFNV+L2hUp1rHADufV3IMtnDRdf1r5NINEl0=
